// !$*UTF8*$!
{
	archiveVersion = 1;
	classes = {
	};
	objectVersion = 77;
	objects = {

/* Begin PBXBuildFile section */
		DAB90A802D5F6BE000604484 /* SwiftDate in Frameworks */ = {isa = PBXBuildFile; productRef = DAB90A7F2D5F6BE000604484 /* SwiftDate */; };
		DAB90A822D5F6BF100604484 /* SwiftDate in Frameworks */ = {isa = PBXBuildFile; productRef = DAB90A812D5F6BF100604484 /* SwiftDate */; };
		DAC7CCC82D298C1600704C81 /* WatchApp.app in Embed Watch Content */ = {isa = PBXBuildFile; fileRef = DAE536C02C71368F00F6386F /* WatchApp.app */; settings = {ATTRIBUTES = (RemoveHeadersOnCopy, ); }; };
		DAC7CCF52D2A067300704C81 /* UIColorHexSwift in Frameworks */ = {isa = PBXBuildFile; productRef = DAC7CCF42D2A067300704C81 /* UIColorHexSwift */; };
		DAE537212C713A5D00F6386F /* UIColorHexSwift in Frameworks */ = {isa = PBXBuildFile; productRef = DAE537202C713A5D00F6386F /* UIColorHexSwift */; };
/* End PBXBuildFile section */

/* Begin PBXContainerItemProxy section */
		DA4867A82C7A28E500B2FB9D /* PBXContainerItemProxy */ = {
			isa = PBXContainerItemProxy;
			containerPortal = DAE536B42C71368F00F6386F /* Project object */;
			proxyType = 1;
			remoteGlobalIDString = DAE536BF2C71368F00F6386F;
			remoteInfo = App;
		};
		DAC7CCCE2D298C5E00704C81 /* PBXContainerItemProxy */ = {
			isa = PBXContainerItemProxy;
			containerPortal = DAE536B42C71368F00F6386F /* Project object */;
			proxyType = 1;
			remoteGlobalIDString = DAE536BF2C71368F00F6386F;
			remoteInfo = WatchApp;
		};
		DAD6FD6C2D2955CD006F8D37 /* PBXContainerItemProxy */ = {
			isa = PBXContainerItemProxy;
			containerPortal = DAE536B42C71368F00F6386F /* Project object */;
			proxyType = 1;
			remoteGlobalIDString = DAD6FD5B2D2955CC006F8D37;
			remoteInfo = MobileApp;
		};
/* End PBXContainerItemProxy section */

/* Begin PBXCopyFilesBuildPhase section */
		DAC7CCCB2D298C1600704C81 /* Embed Watch Content */ = {
			isa = PBXCopyFilesBuildPhase;
			buildActionMask = 2147483647;
			dstPath = "$(CONTENTS_FOLDER_PATH)/Watch";
			dstSubfolderSpec = 16;
			files = (
				DAC7CCC82D298C1600704C81 /* WatchApp.app in Embed Watch Content */,
			);
			name = "Embed Watch Content";
			runOnlyForDeploymentPostprocessing = 0;
		};
/* End PBXCopyFilesBuildPhase section */

/* Begin PBXFileReference section */
		DAD6FD5C2D2955CC006F8D37 /* MobileApp.app */ = {isa = PBXFileReference; explicitFileType = wrapper.application; includeInIndex = 0; path = MobileApp.app; sourceTree = BUILT_PRODUCTS_DIR; };
		DAD6FD6B2D2955CD006F8D37 /* MobileAppTests.xctest */ = {isa = PBXFileReference; explicitFileType = wrapper.cfbundle; includeInIndex = 0; path = MobileAppTests.xctest; sourceTree = BUILT_PRODUCTS_DIR; };
		DAE536C02C71368F00F6386F /* WatchApp.app */ = {isa = PBXFileReference; explicitFileType = wrapper.application; includeInIndex = 0; path = WatchApp.app; sourceTree = BUILT_PRODUCTS_DIR; };
		DAFC1C2D2C7A083E0003D1A1 /* WatchAppTests.xctest */ = {isa = PBXFileReference; explicitFileType = wrapper.cfbundle; includeInIndex = 0; path = WatchAppTests.xctest; sourceTree = BUILT_PRODUCTS_DIR; };
/* End PBXFileReference section */

/* Begin PBXFileSystemSynchronizedBuildFileExceptionSet section */
		DA07C73C2D6B8DB9001CDD50 /* Exceptions for "WatchApp" folder in "WatchApp" target */ = {
			isa = PBXFileSystemSynchronizedBuildFileExceptionSet;
			membershipExceptions = (
				Info.plist,
			);
			target = DAE536BF2C71368F00F6386F /* WatchApp */;
		};
		DA60782B2D58E9D8004392CD /* Exceptions for "MobileApp" folder in "WatchApp" target */ = {
			isa = PBXFileSystemSynchronizedBuildFileExceptionSet;
			membershipExceptions = (
				views/components/DurationText.swift,
			);
			target = DAE536BF2C71368F00F6386F /* WatchApp */;
		};
		DA6078352D59978B004392CD /* Exceptions for "Shared" folder in "WatchApp" target */ = {
			isa = PBXFileSystemSynchronizedBuildFileExceptionSet;
			membershipExceptions = (
				lib/extensions/UINavigationControllerExtension.swift,
			);
			target = DAE536BF2C71368F00F6386F /* WatchApp */;
		};
		DAF9586E2D46FB1500836A8C /* Exceptions for "MobileApp" folder in "MobileApp" target */ = {
			isa = PBXFileSystemSynchronizedBuildFileExceptionSet;
			membershipExceptions = (
				Info.plist,
			);
			target = DAD6FD5B2D2955CC006F8D37 /* MobileApp */;
		};
/* End PBXFileSystemSynchronizedBuildFileExceptionSet section */

/* Begin PBXFileSystemSynchronizedRootGroup section */
		DAD6FD5D2D2955CC006F8D37 /* MobileApp */ = {
			isa = PBXFileSystemSynchronizedRootGroup;
			exceptions = (
				DA60782B2D58E9D8004392CD /* Exceptions for "MobileApp" folder in "WatchApp" target */,
				DAF9586E2D46FB1500836A8C /* Exceptions for "MobileApp" folder in "MobileApp" target */,
			);
			path = MobileApp;
			sourceTree = "<group>";
		};
		DAD6FD6E2D2955CD006F8D37 /* MobileAppTests */ = {
			isa = PBXFileSystemSynchronizedRootGroup;
			path = MobileAppTests;
			sourceTree = "<group>";
		};
		DAD6FD862D295BEF006F8D37 /* Shared */ = {
			isa = PBXFileSystemSynchronizedRootGroup;
			exceptions = (
				DA6078352D59978B004392CD /* Exceptions for "Shared" folder in "WatchApp" target */,
			);
			path = Shared;
			sourceTree = "<group>";
		};
		DAE536C42C71368F00F6386F /* WatchApp */ = {
			isa = PBXFileSystemSynchronizedRootGroup;
			exceptions = (
				DA07C73C2D6B8DB9001CDD50 /* Exceptions for "WatchApp" folder in "WatchApp" target */,
			);
			path = WatchApp;
			sourceTree = "<group>";
		};
		DAFC1C2E2C7A083E0003D1A1 /* WatchAppTests */ = {
			isa = PBXFileSystemSynchronizedRootGroup;
			path = WatchAppTests;
			sourceTree = "<group>";
		};
/* End PBXFileSystemSynchronizedRootGroup section */

/* Begin PBXFrameworksBuildPhase section */
		DAD6FD592D2955CC006F8D37 /* Frameworks */ = {
			isa = PBXFrameworksBuildPhase;
			buildActionMask = 2147483647;
			files = (
				DAB90A802D5F6BE000604484 /* SwiftDate in Frameworks */,
				DAC7CCF52D2A067300704C81 /* UIColorHexSwift in Frameworks */,
			);
			runOnlyForDeploymentPostprocessing = 0;
		};
		DAD6FD682D2955CD006F8D37 /* Frameworks */ = {
			isa = PBXFrameworksBuildPhase;
			buildActionMask = 2147483647;
			files = (
			);
			runOnlyForDeploymentPostprocessing = 0;
		};
		DAE536BD2C71368F00F6386F /* Frameworks */ = {
			isa = PBXFrameworksBuildPhase;
			buildActionMask = 2147483647;
			files = (
				DAB90A822D5F6BF100604484 /* SwiftDate in Frameworks */,
				DAE537212C713A5D00F6386F /* UIColorHexSwift in Frameworks */,
			);
			runOnlyForDeploymentPostprocessing = 0;
		};
		DAFC1C2A2C7A083E0003D1A1 /* Frameworks */ = {
			isa = PBXFrameworksBuildPhase;
			buildActionMask = 2147483647;
			files = (
			);
			runOnlyForDeploymentPostprocessing = 0;
		};
/* End PBXFrameworksBuildPhase section */

/* Begin PBXGroup section */
		DAE536B32C71368F00F6386F = {
			isa = PBXGroup;
			children = (
				DAD6FD862D295BEF006F8D37 /* Shared */,
				DAE536C42C71368F00F6386F /* WatchApp */,
				DAFC1C2E2C7A083E0003D1A1 /* WatchAppTests */,
				DAD6FD5D2D2955CC006F8D37 /* MobileApp */,
				DAD6FD6E2D2955CD006F8D37 /* MobileAppTests */,
				DAE536BB2C71368F00F6386F /* Products */,
			);
			sourceTree = "<group>";
		};
		DAE536BB2C71368F00F6386F /* Products */ = {
			isa = PBXGroup;
			children = (
				DAE536C02C71368F00F6386F /* WatchApp.app */,
				DAFC1C2D2C7A083E0003D1A1 /* WatchAppTests.xctest */,
				DAD6FD5C2D2955CC006F8D37 /* MobileApp.app */,
				DAD6FD6B2D2955CD006F8D37 /* MobileAppTests.xctest */,
			);
			name = Products;
			sourceTree = "<group>";
		};
/* End PBXGroup section */

/* Begin PBXNativeTarget section */
		DAD6FD5B2D2955CC006F8D37 /* MobileApp */ = {
			isa = PBXNativeTarget;
			buildConfigurationList = DAD6FD7D2D2955CE006F8D37 /* Build configuration list for PBXNativeTarget "MobileApp" */;
			buildPhases = (
				DAD6FD582D2955CC006F8D37 /* Sources */,
				DAD6FD592D2955CC006F8D37 /* Frameworks */,
				DAD6FD5A2D2955CC006F8D37 /* Resources */,
				DAC7CCCB2D298C1600704C81 /* Embed Watch Content */,
			);
			buildRules = (
			);
			dependencies = (
				DAC7CCCF2D298C5E00704C81 /* PBXTargetDependency */,
			);
			fileSystemSynchronizedGroups = (
				DAD6FD5D2D2955CC006F8D37 /* MobileApp */,
				DAD6FD862D295BEF006F8D37 /* Shared */,
			);
			name = MobileApp;
			packageProductDependencies = (
				DAC7CCF42D2A067300704C81 /* UIColorHexSwift */,
				DAB90A7F2D5F6BE000604484 /* SwiftDate */,
			);
			productName = MobileApp;
			productReference = DAD6FD5C2D2955CC006F8D37 /* MobileApp.app */;
			productType = "com.apple.product-type.application";
		};
		DAD6FD6A2D2955CD006F8D37 /* MobileAppTests */ = {
			isa = PBXNativeTarget;
			buildConfigurationList = DAD6FD802D2955CE006F8D37 /* Build configuration list for PBXNativeTarget "MobileAppTests" */;
			buildPhases = (
				DAD6FD672D2955CD006F8D37 /* Sources */,
				DAD6FD682D2955CD006F8D37 /* Frameworks */,
				DAD6FD692D2955CD006F8D37 /* Resources */,
			);
			buildRules = (
			);
			dependencies = (
				DAD6FD6D2D2955CD006F8D37 /* PBXTargetDependency */,
			);
			fileSystemSynchronizedGroups = (
				DAD6FD6E2D2955CD006F8D37 /* MobileAppTests */,
			);
			name = MobileAppTests;
			packageProductDependencies = (
			);
			productName = MobileAppTests;
			productReference = DAD6FD6B2D2955CD006F8D37 /* MobileAppTests.xctest */;
			productType = "com.apple.product-type.bundle.unit-test";
		};
		DAE536BF2C71368F00F6386F /* WatchApp */ = {
			isa = PBXNativeTarget;
			buildConfigurationList = DAE536E62C71369000F6386F /* Build configuration list for PBXNativeTarget "WatchApp" */;
			buildPhases = (
				DAE536BC2C71368F00F6386F /* Sources */,
				DAE536BD2C71368F00F6386F /* Frameworks */,
				DAE536BE2C71368F00F6386F /* Resources */,
			);
			buildRules = (
			);
			dependencies = (
			);
			fileSystemSynchronizedGroups = (
				DAD6FD862D295BEF006F8D37 /* Shared */,
				DAE536C42C71368F00F6386F /* WatchApp */,
			);
			name = WatchApp;
			packageProductDependencies = (
				DAE537202C713A5D00F6386F /* UIColorHexSwift */,
				DAB90A812D5F6BF100604484 /* SwiftDate */,
			);
			productName = "sudoku Watch App";
			productReference = DAE536C02C71368F00F6386F /* WatchApp.app */;
			productType = "com.apple.product-type.application";
		};
		DAFC1C2C2C7A083E0003D1A1 /* WatchAppTests */ = {
			isa = PBXNativeTarget;
			buildConfigurationList = DAFC1C332C7A083E0003D1A1 /* Build configuration list for PBXNativeTarget "WatchAppTests" */;
			buildPhases = (
				DAFC1C292C7A083E0003D1A1 /* Sources */,
				DAFC1C2A2C7A083E0003D1A1 /* Frameworks */,
				DAFC1C2B2C7A083E0003D1A1 /* Resources */,
			);
			buildRules = (
			);
			dependencies = (
				DA4867A92C7A28E500B2FB9D /* PBXTargetDependency */,
			);
			fileSystemSynchronizedGroups = (
				DAFC1C2E2C7A083E0003D1A1 /* WatchAppTests */,
			);
			name = WatchAppTests;
			packageProductDependencies = (
			);
			productName = tests;
			productReference = DAFC1C2D2C7A083E0003D1A1 /* WatchAppTests.xctest */;
			productType = "com.apple.product-type.bundle.unit-test";
		};
/* End PBXNativeTarget section */

/* Begin PBXProject section */
		DAE536B42C71368F00F6386F /* Project object */ = {
			isa = PBXProject;
			attributes = {
				BuildIndependentTargetsInParallel = 1;
				LastSwiftUpdateCheck = 1620;
				LastUpgradeCheck = 1610;
				TargetAttributes = {
					DAD6FD5B2D2955CC006F8D37 = {
						CreatedOnToolsVersion = 16.2;
					};
					DAD6FD6A2D2955CD006F8D37 = {
						CreatedOnToolsVersion = 16.2;
						TestTargetID = DAD6FD5B2D2955CC006F8D37;
					};
					DAE536BF2C71368F00F6386F = {
						CreatedOnToolsVersion = 16.0;
					};
					DAFC1C2C2C7A083E0003D1A1 = {
						CreatedOnToolsVersion = 16.0;
						LastSwiftMigration = 1600;
						TestTargetID = DAE536BF2C71368F00F6386F;
					};
				};
			};
			buildConfigurationList = DAE536B72C71368F00F6386F /* Build configuration list for PBXProject "sudoku" */;
			developmentRegion = en;
			hasScannedForEncodings = 0;
			knownRegions = (
				en,
				Base,
			);
			mainGroup = DAE536B32C71368F00F6386F;
			minimizedProjectReferenceProxies = 1;
			packageReferences = (
				DAE5371F2C713A5D00F6386F /* XCRemoteSwiftPackageReference "UIColor-Hex-Swift" */,
				DAB90A7E2D5F6BE000604484 /* XCRemoteSwiftPackageReference "SwiftDate" */,
			);
			preferredProjectObjectVersion = 77;
			productRefGroup = DAE536BB2C71368F00F6386F /* Products */;
			projectDirPath = "";
			projectRoot = "";
			targets = (
				DAE536BF2C71368F00F6386F /* WatchApp */,
				DAFC1C2C2C7A083E0003D1A1 /* WatchAppTests */,
				DAD6FD5B2D2955CC006F8D37 /* MobileApp */,
				DAD6FD6A2D2955CD006F8D37 /* MobileAppTests */,
			);
		};
/* End PBXProject section */

/* Begin PBXResourcesBuildPhase section */
		DAD6FD5A2D2955CC006F8D37 /* Resources */ = {
			isa = PBXResourcesBuildPhase;
			buildActionMask = 2147483647;
			files = (
			);
			runOnlyForDeploymentPostprocessing = 0;
		};
		DAD6FD692D2955CD006F8D37 /* Resources */ = {
			isa = PBXResourcesBuildPhase;
			buildActionMask = 2147483647;
			files = (
			);
			runOnlyForDeploymentPostprocessing = 0;
		};
		DAE536BE2C71368F00F6386F /* Resources */ = {
			isa = PBXResourcesBuildPhase;
			buildActionMask = 2147483647;
			files = (
			);
			runOnlyForDeploymentPostprocessing = 0;
		};
		DAFC1C2B2C7A083E0003D1A1 /* Resources */ = {
			isa = PBXResourcesBuildPhase;
			buildActionMask = 2147483647;
			files = (
			);
			runOnlyForDeploymentPostprocessing = 0;
		};
/* End PBXResourcesBuildPhase section */

/* Begin PBXSourcesBuildPhase section */
		DAD6FD582D2955CC006F8D37 /* Sources */ = {
			isa = PBXSourcesBuildPhase;
			buildActionMask = 2147483647;
			files = (
			);
			runOnlyForDeploymentPostprocessing = 0;
		};
		DAD6FD672D2955CD006F8D37 /* Sources */ = {
			isa = PBXSourcesBuildPhase;
			buildActionMask = 2147483647;
			files = (
			);
			runOnlyForDeploymentPostprocessing = 0;
		};
		DAE536BC2C71368F00F6386F /* Sources */ = {
			isa = PBXSourcesBuildPhase;
			buildActionMask = 2147483647;
			files = (
			);
			runOnlyForDeploymentPostprocessing = 0;
		};
		DAFC1C292C7A083E0003D1A1 /* Sources */ = {
			isa = PBXSourcesBuildPhase;
			buildActionMask = 2147483647;
			files = (
			);
			runOnlyForDeploymentPostprocessing = 0;
		};
/* End PBXSourcesBuildPhase section */

/* Begin PBXTargetDependency section */
		DA4867A92C7A28E500B2FB9D /* PBXTargetDependency */ = {
			isa = PBXTargetDependency;
			target = DAE536BF2C71368F00F6386F /* WatchApp */;
			targetProxy = DA4867A82C7A28E500B2FB9D /* PBXContainerItemProxy */;
		};
		DAC7CCCF2D298C5E00704C81 /* PBXTargetDependency */ = {
			isa = PBXTargetDependency;
			target = DAE536BF2C71368F00F6386F /* WatchApp */;
			targetProxy = DAC7CCCE2D298C5E00704C81 /* PBXContainerItemProxy */;
		};
		DAD6FD6D2D2955CD006F8D37 /* PBXTargetDependency */ = {
			isa = PBXTargetDependency;
			target = DAD6FD5B2D2955CC006F8D37 /* MobileApp */;
			targetProxy = DAD6FD6C2D2955CD006F8D37 /* PBXContainerItemProxy */;
		};
/* End PBXTargetDependency section */

/* Begin XCBuildConfiguration section */
		DAD6FD7E2D2955CE006F8D37 /* Debug */ = {
			isa = XCBuildConfiguration;
			buildSettings = {
				ASSETCATALOG_COMPILER_APPICON_NAME = AppIcon;
				ASSETCATALOG_COMPILER_GLOBAL_ACCENT_COLOR_NAME = AccentColor;
				CODE_SIGN_ENTITLEMENTS = MobileApp/MobileApp.entitlements;
				CODE_SIGN_STYLE = Automatic;
				CURRENT_PROJECT_VERSION = 5;
				DEVELOPMENT_TEAM = 75D56365P2;
				ENABLE_PREVIEWS = YES;
				GENERATE_INFOPLIST_FILE = YES;
				INFOPLIST_FILE = MobileApp/Info.plist;
				INFOPLIST_KEY_CFBundleDisplayName = Sudoku;
				INFOPLIST_KEY_UIApplicationSceneManifest_Generation = YES;
				INFOPLIST_KEY_UIApplicationSupportsIndirectInputEvents = YES;
				INFOPLIST_KEY_UILaunchScreen_Generation = YES;
				INFOPLIST_KEY_UIStatusBarStyle = "";
				INFOPLIST_KEY_UISupportedInterfaceOrientations = "UIInterfaceOrientationPortrait UIInterfaceOrientationPortraitUpsideDown";
				INFOPLIST_KEY_UISupportedInterfaceOrientations_iPad = "UIInterfaceOrientationLandscapeLeft UIInterfaceOrientationLandscapeRight UIInterfaceOrientationPortrait UIInterfaceOrientationPortraitUpsideDown";
				IPHONEOS_DEPLOYMENT_TARGET = 15.6;
				LD_RUNPATH_SEARCH_PATHS = (
					"$(inherited)",
					"@executable_path/Frameworks",
				);
				MARKETING_VERSION = 1.4;
				PRODUCT_BUNDLE_IDENTIFIER = com.kishannareshpal.sudoku;
				PRODUCT_NAME = "$(TARGET_NAME)";
				SDKROOT = iphoneos;
				SWIFT_EMIT_LOC_STRINGS = YES;
				SWIFT_VERSION = 5.0;
				TARGETED_DEVICE_FAMILY = "1,2";
			};
			name = Debug;
		};
		DAD6FD7F2D2955CE006F8D37 /* Release */ = {
			isa = XCBuildConfiguration;
			buildSettings = {
				ASSETCATALOG_COMPILER_APPICON_NAME = AppIcon;
				ASSETCATALOG_COMPILER_GLOBAL_ACCENT_COLOR_NAME = AccentColor;
				CODE_SIGN_ENTITLEMENTS = MobileApp/MobileApp.entitlements;
				CODE_SIGN_STYLE = Automatic;
				CURRENT_PROJECT_VERSION = 5;
				DEVELOPMENT_TEAM = 75D56365P2;
				ENABLE_PREVIEWS = YES;
				GENERATE_INFOPLIST_FILE = YES;
				INFOPLIST_FILE = MobileApp/Info.plist;
				INFOPLIST_KEY_CFBundleDisplayName = Sudoku;
				INFOPLIST_KEY_UIApplicationSceneManifest_Generation = YES;
				INFOPLIST_KEY_UIApplicationSupportsIndirectInputEvents = YES;
				INFOPLIST_KEY_UILaunchScreen_Generation = YES;
				INFOPLIST_KEY_UIStatusBarStyle = "";
				INFOPLIST_KEY_UISupportedInterfaceOrientations = "UIInterfaceOrientationPortrait UIInterfaceOrientationPortraitUpsideDown";
				INFOPLIST_KEY_UISupportedInterfaceOrientations_iPad = "UIInterfaceOrientationLandscapeLeft UIInterfaceOrientationLandscapeRight UIInterfaceOrientationPortrait UIInterfaceOrientationPortraitUpsideDown";
				IPHONEOS_DEPLOYMENT_TARGET = 15.6;
				LD_RUNPATH_SEARCH_PATHS = (
					"$(inherited)",
					"@executable_path/Frameworks",
				);
				MARKETING_VERSION = 1.4;
				PRODUCT_BUNDLE_IDENTIFIER = com.kishannareshpal.sudoku;
				PRODUCT_NAME = "$(TARGET_NAME)";
				SDKROOT = iphoneos;
				SWIFT_EMIT_LOC_STRINGS = YES;
				SWIFT_VERSION = 5.0;
				TARGETED_DEVICE_FAMILY = "1,2";
				VALIDATE_PRODUCT = YES;
			};
			name = Release;
		};
		DAD6FD812D2955CE006F8D37 /* Debug */ = {
			isa = XCBuildConfiguration;
			buildSettings = {
				BUNDLE_LOADER = "$(TEST_HOST)";
				CODE_SIGN_STYLE = Automatic;
				CURRENT_PROJECT_VERSION = 1;
				DEVELOPMENT_TEAM = 75D56365P2;
				GENERATE_INFOPLIST_FILE = YES;
				INFOPLIST_KEY_UISupportedInterfaceOrientations = "";
				IPHONEOS_DEPLOYMENT_TARGET = 18.2;
				MARKETING_VERSION = 1.0;
				PRODUCT_BUNDLE_IDENTIFIER = com.kishannareshpal.sudoku.tests;
				PRODUCT_NAME = "$(TARGET_NAME)";
				SDKROOT = iphoneos;
				SWIFT_EMIT_LOC_STRINGS = NO;
				SWIFT_VERSION = 5.0;
				TARGETED_DEVICE_FAMILY = "1,2";
				TEST_HOST = "$(BUILT_PRODUCTS_DIR)/MobileApp.app/$(BUNDLE_EXECUTABLE_FOLDER_PATH)/MobileApp";
			};
			name = Debug;
		};
		DAD6FD822D2955CE006F8D37 /* Release */ = {
			isa = XCBuildConfiguration;
			buildSettings = {
				BUNDLE_LOADER = "$(TEST_HOST)";
				CODE_SIGN_STYLE = Automatic;
				CURRENT_PROJECT_VERSION = 1;
				DEVELOPMENT_TEAM = 75D56365P2;
				GENERATE_INFOPLIST_FILE = YES;
				INFOPLIST_KEY_UISupportedInterfaceOrientations = "";
				IPHONEOS_DEPLOYMENT_TARGET = 18.2;
				MARKETING_VERSION = 1.0;
				PRODUCT_BUNDLE_IDENTIFIER = com.kishannareshpal.sudoku.tests;
				PRODUCT_NAME = "$(TARGET_NAME)";
				SDKROOT = iphoneos;
				SWIFT_EMIT_LOC_STRINGS = NO;
				SWIFT_VERSION = 5.0;
				TARGETED_DEVICE_FAMILY = "1,2";
				TEST_HOST = "$(BUILT_PRODUCTS_DIR)/MobileApp.app/$(BUNDLE_EXECUTABLE_FOLDER_PATH)/MobileApp";
				VALIDATE_PRODUCT = YES;
			};
			name = Release;
		};
		DAE536E42C71369000F6386F /* Debug */ = {
			isa = XCBuildConfiguration;
			buildSettings = {
				ALWAYS_SEARCH_USER_PATHS = NO;
				ASSETCATALOG_COMPILER_GENERATE_SWIFT_ASSET_SYMBOL_EXTENSIONS = YES;
				CLANG_ANALYZER_NONNULL = YES;
				CLANG_ANALYZER_NUMBER_OBJECT_CONVERSION = YES_AGGRESSIVE;
				CLANG_CXX_LANGUAGE_STANDARD = "gnu++20";
				CLANG_ENABLE_MODULES = YES;
				CLANG_ENABLE_OBJC_ARC = YES;
				CLANG_ENABLE_OBJC_WEAK = YES;
				CLANG_WARN_BLOCK_CAPTURE_AUTORELEASING = YES;
				CLANG_WARN_BOOL_CONVERSION = YES;
				CLANG_WARN_COMMA = YES;
				CLANG_WARN_CONSTANT_CONVERSION = YES;
				CLANG_WARN_DEPRECATED_OBJC_IMPLEMENTATIONS = YES;
				CLANG_WARN_DIRECT_OBJC_ISA_USAGE = YES_ERROR;
				CLANG_WARN_DOCUMENTATION_COMMENTS = YES;
				CLANG_WARN_EMPTY_BODY = YES;
				CLANG_WARN_ENUM_CONVERSION = YES;
				CLANG_WARN_INFINITE_RECURSION = YES;
				CLANG_WARN_INT_CONVERSION = YES;
				CLANG_WARN_NON_LITERAL_NULL_CONVERSION = YES;
				CLANG_WARN_OBJC_IMPLICIT_RETAIN_SELF = YES;
				CLANG_WARN_OBJC_LITERAL_CONVERSION = YES;
				CLANG_WARN_OBJC_ROOT_CLASS = YES_ERROR;
				CLANG_WARN_QUOTED_INCLUDE_IN_FRAMEWORK_HEADER = YES;
				CLANG_WARN_RANGE_LOOP_ANALYSIS = YES;
				CLANG_WARN_STRICT_PROTOTYPES = YES;
				CLANG_WARN_SUSPICIOUS_MOVE = YES;
				CLANG_WARN_UNGUARDED_AVAILABILITY = YES_AGGRESSIVE;
				CLANG_WARN_UNREACHABLE_CODE = YES;
				CLANG_WARN__DUPLICATE_METHOD_MATCH = YES;
				COPY_PHASE_STRIP = NO;
				DEAD_CODE_STRIPPING = YES;
				DEBUG_INFORMATION_FORMAT = dwarf;
				ENABLE_STRICT_OBJC_MSGSEND = YES;
				ENABLE_TESTABILITY = YES;
				ENABLE_USER_SCRIPT_SANDBOXING = YES;
				GCC_C_LANGUAGE_STANDARD = gnu17;
				GCC_DYNAMIC_NO_PIC = NO;
				GCC_NO_COMMON_BLOCKS = YES;
				GCC_OPTIMIZATION_LEVEL = 0;
				GCC_PREPROCESSOR_DEFINITIONS = (
					"DEBUG=1",
					"$(inherited)",
				);
				GCC_WARN_64_TO_32_BIT_CONVERSION = YES;
				GCC_WARN_ABOUT_RETURN_TYPE = YES_ERROR;
				GCC_WARN_UNDECLARED_SELECTOR = YES;
				GCC_WARN_UNINITIALIZED_AUTOS = YES_AGGRESSIVE;
				GCC_WARN_UNUSED_FUNCTION = YES;
				GCC_WARN_UNUSED_VARIABLE = YES;
				INFOPLIST_KEY_UISupportedInterfaceOrientations = "";
				LOCALIZATION_PREFERS_STRING_CATALOGS = YES;
				MTL_ENABLE_DEBUG_INFO = INCLUDE_SOURCE;
				MTL_FAST_MATH = YES;
				ONLY_ACTIVE_ARCH = YES;
				SWIFT_ACTIVE_COMPILATION_CONDITIONS = "DEBUG $(inherited)";
				SWIFT_OPTIMIZATION_LEVEL = "-Onone";
			};
			name = Debug;
		};
		DAE536E52C71369000F6386F /* Release */ = {
			isa = XCBuildConfiguration;
			buildSettings = {
				ALWAYS_SEARCH_USER_PATHS = NO;
				ASSETCATALOG_COMPILER_GENERATE_SWIFT_ASSET_SYMBOL_EXTENSIONS = YES;
				CLANG_ANALYZER_NONNULL = YES;
				CLANG_ANALYZER_NUMBER_OBJECT_CONVERSION = YES_AGGRESSIVE;
				CLANG_CXX_LANGUAGE_STANDARD = "gnu++20";
				CLANG_ENABLE_MODULES = YES;
				CLANG_ENABLE_OBJC_ARC = YES;
				CLANG_ENABLE_OBJC_WEAK = YES;
				CLANG_WARN_BLOCK_CAPTURE_AUTORELEASING = YES;
				CLANG_WARN_BOOL_CONVERSION = YES;
				CLANG_WARN_COMMA = YES;
				CLANG_WARN_CONSTANT_CONVERSION = YES;
				CLANG_WARN_DEPRECATED_OBJC_IMPLEMENTATIONS = YES;
				CLANG_WARN_DIRECT_OBJC_ISA_USAGE = YES_ERROR;
				CLANG_WARN_DOCUMENTATION_COMMENTS = YES;
				CLANG_WARN_EMPTY_BODY = YES;
				CLANG_WARN_ENUM_CONVERSION = YES;
				CLANG_WARN_INFINITE_RECURSION = YES;
				CLANG_WARN_INT_CONVERSION = YES;
				CLANG_WARN_NON_LITERAL_NULL_CONVERSION = YES;
				CLANG_WARN_OBJC_IMPLICIT_RETAIN_SELF = YES;
				CLANG_WARN_OBJC_LITERAL_CONVERSION = YES;
				CLANG_WARN_OBJC_ROOT_CLASS = YES_ERROR;
				CLANG_WARN_QUOTED_INCLUDE_IN_FRAMEWORK_HEADER = YES;
				CLANG_WARN_RANGE_LOOP_ANALYSIS = YES;
				CLANG_WARN_STRICT_PROTOTYPES = YES;
				CLANG_WARN_SUSPICIOUS_MOVE = YES;
				CLANG_WARN_UNGUARDED_AVAILABILITY = YES_AGGRESSIVE;
				CLANG_WARN_UNREACHABLE_CODE = YES;
				CLANG_WARN__DUPLICATE_METHOD_MATCH = YES;
				COPY_PHASE_STRIP = NO;
				DEAD_CODE_STRIPPING = YES;
				DEBUG_INFORMATION_FORMAT = "dwarf-with-dsym";
				ENABLE_NS_ASSERTIONS = NO;
				ENABLE_STRICT_OBJC_MSGSEND = YES;
				ENABLE_USER_SCRIPT_SANDBOXING = YES;
				GCC_C_LANGUAGE_STANDARD = gnu17;
				GCC_NO_COMMON_BLOCKS = YES;
				GCC_WARN_64_TO_32_BIT_CONVERSION = YES;
				GCC_WARN_ABOUT_RETURN_TYPE = YES_ERROR;
				GCC_WARN_UNDECLARED_SELECTOR = YES;
				GCC_WARN_UNINITIALIZED_AUTOS = YES_AGGRESSIVE;
				GCC_WARN_UNUSED_FUNCTION = YES;
				GCC_WARN_UNUSED_VARIABLE = YES;
				INFOPLIST_KEY_UISupportedInterfaceOrientations = "";
				LOCALIZATION_PREFERS_STRING_CATALOGS = YES;
				MTL_ENABLE_DEBUG_INFO = NO;
				MTL_FAST_MATH = YES;
				SWIFT_COMPILATION_MODE = wholemodule;
			};
			name = Release;
		};
		DAE536E72C71369000F6386F /* Debug */ = {
			isa = XCBuildConfiguration;
			buildSettings = {
				ASSETCATALOG_COMPILER_APPICON_NAME = AppIcon;
				ASSETCATALOG_COMPILER_GLOBAL_ACCENT_COLOR_NAME = AccentColor;
				ASSETCATALOG_COMPILER_INCLUDE_ALL_APPICON_ASSETS = NO;
				CODE_SIGN_ENTITLEMENTS = WatchApp/WatchApp.entitlements;
				CODE_SIGN_IDENTITY = "Apple Development";
				CODE_SIGN_STYLE = Automatic;
				CURRENT_PROJECT_VERSION = 5;
				DEVELOPMENT_TEAM = 75D56365P2;
				ENABLE_PREVIEWS = YES;
				ENABLE_TESTABILITY = YES;
				GENERATE_INFOPLIST_FILE = YES;
				INFOPLIST_FILE = WatchApp/Info.plist;
				INFOPLIST_KEY_CFBundleDisplayName = MiniSudoku;
				INFOPLIST_KEY_UISupportedInterfaceOrientations = "UIInterfaceOrientationPortrait UIInterfaceOrientationPortraitUpsideDown";
				INFOPLIST_KEY_WKCompanionAppBundleIdentifier = com.kishannareshpal.sudoku;
				INFOPLIST_KEY_WKRunsIndependentlyOfCompanionApp = YES;
				INFOPLIST_KEY_WKWatchOnly = NO;
				LD_RUNPATH_SEARCH_PATHS = (
					"$(inherited)",
					"@executable_path/Frameworks",
				);
				MARKETING_VERSION = 1.4;
				PRODUCT_BUNDLE_IDENTIFIER = com.kishannareshpal.sudoku.watchkitapp;
				PRODUCT_NAME = "$(TARGET_NAME)";
				PROVISIONING_PROFILE_SPECIFIER = "";
				SDKROOT = watchos;
				SKIP_INSTALL = YES;
				SWIFT_EMIT_LOC_STRINGS = YES;
				SWIFT_VERSION = 5.0;
				TARGETED_DEVICE_FAMILY = 4;
				WATCHOS_DEPLOYMENT_TARGET = 8.7;
			};
			name = Debug;
		};
		DAE536E82C71369000F6386F /* Release */ = {
			isa = XCBuildConfiguration;
			buildSettings = {
				ASSETCATALOG_COMPILER_APPICON_NAME = AppIcon;
				ASSETCATALOG_COMPILER_GLOBAL_ACCENT_COLOR_NAME = AccentColor;
				ASSETCATALOG_COMPILER_INCLUDE_ALL_APPICON_ASSETS = NO;
				CODE_SIGN_ENTITLEMENTS = WatchApp/WatchApp.entitlements;
				CODE_SIGN_IDENTITY = "Apple Development";
				CODE_SIGN_STYLE = Automatic;
				CURRENT_PROJECT_VERSION = 5;
				DEVELOPMENT_TEAM = 75D56365P2;
				ENABLE_PREVIEWS = YES;
				ENABLE_TESTABILITY = NO;
				GENERATE_INFOPLIST_FILE = YES;
				INFOPLIST_FILE = WatchApp/Info.plist;
				INFOPLIST_KEY_CFBundleDisplayName = MiniSudoku;
				INFOPLIST_KEY_UISupportedInterfaceOrientations = "UIInterfaceOrientationPortrait UIInterfaceOrientationPortraitUpsideDown";
				INFOPLIST_KEY_WKCompanionAppBundleIdentifier = com.kishannareshpal.sudoku;
				INFOPLIST_KEY_WKRunsIndependentlyOfCompanionApp = YES;
				INFOPLIST_KEY_WKWatchOnly = NO;
				LD_RUNPATH_SEARCH_PATHS = (
					"$(inherited)",
					"@executable_path/Frameworks",
				);
				MARKETING_VERSION = 1.4;
				PRODUCT_BUNDLE_IDENTIFIER = com.kishannareshpal.sudoku.watchkitapp;
				PRODUCT_NAME = "$(TARGET_NAME)";
				PROVISIONING_PROFILE_SPECIFIER = "";
				SDKROOT = watchos;
				SKIP_INSTALL = YES;
				SWIFT_EMIT_LOC_STRINGS = YES;
				SWIFT_VERSION = 5.0;
				TARGETED_DEVICE_FAMILY = 4;
				VALIDATE_PRODUCT = YES;
				WATCHOS_DEPLOYMENT_TARGET = 8.7;
			};
			name = Release;
		};
		DAFC1C342C7A083E0003D1A1 /* Debug */ = {
			isa = XCBuildConfiguration;
			buildSettings = {
				BUNDLE_LOADER = "$(TEST_HOST)";
				CLANG_ENABLE_MODULES = YES;
				CODE_SIGN_STYLE = Automatic;
				CURRENT_PROJECT_VERSION = 1;
				DEVELOPMENT_TEAM = 75D56365P2;
				GENERATE_INFOPLIST_FILE = YES;
				INFOPLIST_FILE = AppTests/Info.plist;
				INFOPLIST_KEY_UISupportedInterfaceOrientations = "";
				MARKETING_VERSION = 1.0;
				PRODUCT_BUNDLE_IDENTIFIER = com.kishannareshpal.sudoku.watchkitapp.tests;
				PRODUCT_NAME = "$(TARGET_NAME)";
				SDKROOT = watchos;
				SWIFT_EMIT_LOC_STRINGS = NO;
				SWIFT_OPTIMIZATION_LEVEL = "-Onone";
				SWIFT_VERSION = 5.0;
				TARGETED_DEVICE_FAMILY = 4;
				TEST_HOST = "$(BUILT_PRODUCTS_DIR)/App.app/$(BUNDLE_EXECUTABLE_FOLDER_PATH)/App";
				WATCHOS_DEPLOYMENT_TARGET = 11.0;
			};
			name = Debug;
		};
		DAFC1C352C7A083E0003D1A1 /* Release */ = {
			isa = XCBuildConfiguration;
			buildSettings = {
				BUNDLE_LOADER = "$(TEST_HOST)";
				CLANG_ENABLE_MODULES = YES;
				CODE_SIGN_STYLE = Automatic;
				CURRENT_PROJECT_VERSION = 1;
				DEVELOPMENT_TEAM = 75D56365P2;
				ENABLE_TESTABILITY = NO;
				GENERATE_INFOPLIST_FILE = YES;
				INFOPLIST_FILE = AppTests/Info.plist;
				INFOPLIST_KEY_UISupportedInterfaceOrientations = "";
				MARKETING_VERSION = 1.0;
				PRODUCT_BUNDLE_IDENTIFIER = com.kishannareshpal.sudoku.watchkitapp.tests;
				PRODUCT_NAME = "$(TARGET_NAME)";
				SDKROOT = watchos;
				SWIFT_EMIT_LOC_STRINGS = NO;
				SWIFT_VERSION = 5.0;
				TARGETED_DEVICE_FAMILY = 4;
				TEST_HOST = "$(BUILT_PRODUCTS_DIR)/App.app/$(BUNDLE_EXECUTABLE_FOLDER_PATH)/App";
				VALIDATE_PRODUCT = YES;
				WATCHOS_DEPLOYMENT_TARGET = 11.0;
			};
			name = Release;
		};
/* End XCBuildConfiguration section */

/* Begin XCConfigurationList section */
		DAD6FD7D2D2955CE006F8D37 /* Build configuration list for PBXNativeTarget "MobileApp" */ = {
			isa = XCConfigurationList;
			buildConfigurations = (
				DAD6FD7E2D2955CE006F8D37 /* Debug */,
				DAD6FD7F2D2955CE006F8D37 /* Release */,
			);
			defaultConfigurationIsVisible = 0;
			defaultConfigurationName = Release;
		};
		DAD6FD802D2955CE006F8D37 /* Build configuration list for PBXNativeTarget "MobileAppTests" */ = {
			isa = XCConfigurationList;
			buildConfigurations = (
				DAD6FD812D2955CE006F8D37 /* Debug */,
				DAD6FD822D2955CE006F8D37 /* Release */,
			);
			defaultConfigurationIsVisible = 0;
			defaultConfigurationName = Release;
		};
		DAE536B72C71368F00F6386F /* Build configuration list for PBXProject "sudoku" */ = {
			isa = XCConfigurationList;
			buildConfigurations = (
				DAE536E42C71369000F6386F /* Debug */,
				DAE536E52C71369000F6386F /* Release */,
			);
			defaultConfigurationIsVisible = 0;
			defaultConfigurationName = Release;
		};
		DAE536E62C71369000F6386F /* Build configuration list for PBXNativeTarget "WatchApp" */ = {
			isa = XCConfigurationList;
			buildConfigurations = (
				DAE536E72C71369000F6386F /* Debug */,
				DAE536E82C71369000F6386F /* Release */,
			);
			defaultConfigurationIsVisible = 0;
			defaultConfigurationName = Release;
		};
		DAFC1C332C7A083E0003D1A1 /* Build configuration list for PBXNativeTarget "WatchAppTests" */ = {
			isa = XCConfigurationList;
			buildConfigurations = (
				DAFC1C342C7A083E0003D1A1 /* Debug */,
				DAFC1C352C7A083E0003D1A1 /* Release */,
			);
			defaultConfigurationIsVisible = 0;
			defaultConfigurationName = Release;
		};
/* End XCConfigurationList section */

/* Begin XCRemoteSwiftPackageReference section */
		DAB90A7E2D5F6BE000604484 /* XCRemoteSwiftPackageReference "SwiftDate" */ = {
			isa = XCRemoteSwiftPackageReference;
			repositoryURL = "https://github.com/malcommac/SwiftDate.git";
			requirement = {
				kind = upToNextMajorVersion;
				minimumVersion = 7.0.0;
			};
		};
		DAE5371F2C713A5D00F6386F /* XCRemoteSwiftPackageReference "UIColor-Hex-Swift" */ = {
			isa = XCRemoteSwiftPackageReference;
			repositoryURL = "https://github.com/yeahdongcn/UIColor-Hex-Swift";
			requirement = {
				kind = upToNextMajorVersion;
				minimumVersion = 5.1.9;
			};
		};
/* End XCRemoteSwiftPackageReference section */

/* Begin XCSwiftPackageProductDependency section */
		DAB90A7F2D5F6BE000604484 /* SwiftDate */ = {
			isa = XCSwiftPackageProductDependency;
			package = DAB90A7E2D5F6BE000604484 /* XCRemoteSwiftPackageReference "SwiftDate" */;
			productName = SwiftDate;
		};
		DAB90A812D5F6BF100604484 /* SwiftDate */ = {
			isa = XCSwiftPackageProductDependency;
			package = DAB90A7E2D5F6BE000604484 /* XCRemoteSwiftPackageReference "SwiftDate" */;
			productName = SwiftDate;
		};
		DAC7CCF42D2A067300704C81 /* UIColorHexSwift */ = {
			isa = XCSwiftPackageProductDependency;
			package = DAE5371F2C713A5D00F6386F /* XCRemoteSwiftPackageReference "UIColor-Hex-Swift" */;
			productName = UIColorHexSwift;
		};
		DAE537202C713A5D00F6386F /* UIColorHexSwift */ = {
			isa = XCSwiftPackageProductDependency;
			package = DAE5371F2C713A5D00F6386F /* XCRemoteSwiftPackageReference "UIColor-Hex-Swift" */;
			productName = UIColorHexSwift;
		};
/* End XCSwiftPackageProductDependency section */
	};
	rootObject = DAE536B42C71368F00F6386F /* Project object */;
}
