// !$*UTF8*$!
{
	archiveVersion = 1;
	classes = {
	};
	objectVersion = 77;
	objects = {

/* Begin PBXBuildFile section */
		DAE536C12C71368F00F6386F /* sudoku Watch App.app in Embed Watch Content */ = {isa = PBXBuildFile; fileRef = DAE536C02C71368F00F6386F /* sudoku Watch App.app */; settings = {ATTRIBUTES = (RemoveHeadersOnCopy, ); }; };
/* End PBXBuildFile section */

/* Begin PBXContainerItemProxy section */
		DAE536C22C71368F00F6386F /* PBXContainerItemProxy */ = {
			isa = PBXContainerItemProxy;
			containerPortal = DAE536B42C71368F00F6386F /* Project object */;
			proxyType = 1;
			remoteGlobalIDString = DAE536BF2C71368F00F6386F;
			remoteInfo = "sudoku Watch App";
		};
		DAE536D32C71369000F6386F /* PBXContainerItemProxy */ = {
			isa = PBXContainerItemProxy;
			containerPortal = DAE536B42C71368F00F6386F /* Project object */;
			proxyType = 1;
			remoteGlobalIDString = DAE536BF2C71368F00F6386F;
			remoteInfo = "sudoku Watch App";
		};
		DAE536DD2C71369000F6386F /* PBXContainerItemProxy */ = {
			isa = PBXContainerItemProxy;
			containerPortal = DAE536B42C71368F00F6386F /* Project object */;
			proxyType = 1;
			remoteGlobalIDString = DAE536BF2C71368F00F6386F;
			remoteInfo = "sudoku Watch App";
		};
/* End PBXContainerItemProxy section */

/* Begin PBXCopyFilesBuildPhase section */
		DAE536E92C71369000F6386F /* Embed Watch Content */ = {
			isa = PBXCopyFilesBuildPhase;
			buildActionMask = 2147483647;
			dstPath = "$(CONTENTS_FOLDER_PATH)/Watch";
			dstSubfolderSpec = 16;
			files = (
				DAE536C12C71368F00F6386F /* sudoku Watch App.app in Embed Watch Content */,
			);
			name = "Embed Watch Content";
			runOnlyForDeploymentPostprocessing = 0;
		};
/* End PBXCopyFilesBuildPhase section */

/* Begin PBXFileReference section */
		DAE536BA2C71368F00F6386F /* sudoku.app */ = {isa = PBXFileReference; explicitFileType = wrapper.application; includeInIndex = 0; path = sudoku.app; sourceTree = BUILT_PRODUCTS_DIR; };
		DAE536C02C71368F00F6386F /* sudoku Watch App.app */ = {isa = PBXFileReference; explicitFileType = wrapper.application; includeInIndex = 0; path = "sudoku Watch App.app"; sourceTree = BUILT_PRODUCTS_DIR; };
		DAE536D22C71369000F6386F /* sudoku Watch AppTests.xctest */ = {isa = PBXFileReference; explicitFileType = wrapper.cfbundle; includeInIndex = 0; path = "sudoku Watch AppTests.xctest"; sourceTree = BUILT_PRODUCTS_DIR; };
		DAE536DC2C71369000F6386F /* sudoku Watch AppUITests.xctest */ = {isa = PBXFileReference; explicitFileType = wrapper.cfbundle; includeInIndex = 0; path = "sudoku Watch AppUITests.xctest"; sourceTree = BUILT_PRODUCTS_DIR; };
/* End PBXFileReference section */

/* Begin PBXFileSystemSynchronizedRootGroup section */
		DAE536C42C71368F00F6386F /* sudoku Watch App */ = {
			isa = PBXFileSystemSynchronizedRootGroup;
			path = "sudoku Watch App";
			sourceTree = "<group>";
		};
		DAE536D52C71369000F6386F /* sudoku Watch AppTests */ = {
			isa = PBXFileSystemSynchronizedRootGroup;
			path = "sudoku Watch AppTests";
			sourceTree = "<group>";
		};
		DAE536DF2C71369000F6386F /* sudoku Watch AppUITests */ = {
			isa = PBXFileSystemSynchronizedRootGroup;
			path = "sudoku Watch AppUITests";
			sourceTree = "<group>";
		};
/* End PBXFileSystemSynchronizedRootGroup section */

/* Begin PBXFrameworksBuildPhase section */
		DAE536BD2C71368F00F6386F /* Frameworks */ = {
			isa = PBXFrameworksBuildPhase;
			buildActionMask = 2147483647;
			files = (
			);
			runOnlyForDeploymentPostprocessing = 0;
		};
		DAE536CF2C71369000F6386F /* Frameworks */ = {
			isa = PBXFrameworksBuildPhase;
			buildActionMask = 2147483647;
			files = (
			);
			runOnlyForDeploymentPostprocessing = 0;
		};
		DAE536D92C71369000F6386F /* Frameworks */ = {
			isa = PBXFrameworksBuildPhase;
			buildActionMask = 2147483647;
			files = (
			);
			runOnlyForDeploymentPostprocessing = 0;
		};
/* End PBXFrameworksBuildPhase section */

/* Begin PBXGroup section */
		DAE536B32C71368F00F6386F = {
			isa = PBXGroup;
			children = (
				DAE536C42C71368F00F6386F /* sudoku Watch App */,
				DAE536D52C71369000F6386F /* sudoku Watch AppTests */,
				DAE536DF2C71369000F6386F /* sudoku Watch AppUITests */,
				DAE536BB2C71368F00F6386F /* Products */,
			);
			sourceTree = "<group>";
		};
		DAE536BB2C71368F00F6386F /* Products */ = {
			isa = PBXGroup;
			children = (
				DAE536BA2C71368F00F6386F /* sudoku.app */,
				DAE536C02C71368F00F6386F /* sudoku Watch App.app */,
				DAE536D22C71369000F6386F /* sudoku Watch AppTests.xctest */,
				DAE536DC2C71369000F6386F /* sudoku Watch AppUITests.xctest */,
			);
			name = Products;
			sourceTree = "<group>";
		};
/* End PBXGroup section */

/* Begin PBXNativeTarget section */
		DAE536B92C71368F00F6386F /* sudoku */ = {
			isa = PBXNativeTarget;
			buildConfigurationList = DAE536EA2C71369000F6386F /* Build configuration list for PBXNativeTarget "sudoku" */;
			buildPhases = (
				DAE536B82C71368F00F6386F /* Resources */,
				DAE536E92C71369000F6386F /* Embed Watch Content */,
			);
			buildRules = (
			);
			dependencies = (
				DAE536C32C71368F00F6386F /* PBXTargetDependency */,
			);
			name = sudoku;
			packageProductDependencies = (
			);
			productName = sudoku;
			productReference = DAE536BA2C71368F00F6386F /* sudoku.app */;
			productType = "com.apple.product-type.application.watchapp2-container";
		};
		DAE536BF2C71368F00F6386F /* sudoku Watch App */ = {
			isa = PBXNativeTarget;
			buildConfigurationList = DAE536E62C71369000F6386F /* Build configuration list for PBXNativeTarget "sudoku Watch App" */;
			buildPhases = (
				DAE536BC2C71368F00F6386F /* Sources */,
				DAE536BD2C71368F00F6386F /* Frameworks */,
				DAE536BE2C71368F00F6386F /* Resources */,
			);
			buildRules = (
			);
			dependencies = (
			);
			fileSystemSynchronizedGroups = (
				DAE536C42C71368F00F6386F /* sudoku Watch App */,
			);
			name = "sudoku Watch App";
			packageProductDependencies = (
			);
			productName = "sudoku Watch App";
			productReference = DAE536C02C71368F00F6386F /* sudoku Watch App.app */;
			productType = "com.apple.product-type.application";
		};
		DAE536D12C71369000F6386F /* sudoku Watch AppTests */ = {
			isa = PBXNativeTarget;
			buildConfigurationList = DAE536ED2C71369000F6386F /* Build configuration list for PBXNativeTarget "sudoku Watch AppTests" */;
			buildPhases = (
				DAE536CE2C71369000F6386F /* Sources */,
				DAE536CF2C71369000F6386F /* Frameworks */,
				DAE536D02C71369000F6386F /* Resources */,
			);
			buildRules = (
			);
			dependencies = (
				DAE536D42C71369000F6386F /* PBXTargetDependency */,
			);
			fileSystemSynchronizedGroups = (
				DAE536D52C71369000F6386F /* sudoku Watch AppTests */,
			);
			name = "sudoku Watch AppTests";
			packageProductDependencies = (
			);
			productName = "sudoku Watch AppTests";
			productReference = DAE536D22C71369000F6386F /* sudoku Watch AppTests.xctest */;
			productType = "com.apple.product-type.bundle.unit-test";
		};
		DAE536DB2C71369000F6386F /* sudoku Watch AppUITests */ = {
			isa = PBXNativeTarget;
			buildConfigurationList = DAE536F02C71369000F6386F /* Build configuration list for PBXNativeTarget "sudoku Watch AppUITests" */;
			buildPhases = (
				DAE536D82C71369000F6386F /* Sources */,
				DAE536D92C71369000F6386F /* Frameworks */,
				DAE536DA2C71369000F6386F /* Resources */,
			);
			buildRules = (
			);
			dependencies = (
				DAE536DE2C71369000F6386F /* PBXTargetDependency */,
			);
			fileSystemSynchronizedGroups = (
				DAE536DF2C71369000F6386F /* sudoku Watch AppUITests */,
			);
			name = "sudoku Watch AppUITests";
			packageProductDependencies = (
			);
			productName = "sudoku Watch AppUITests";
			productReference = DAE536DC2C71369000F6386F /* sudoku Watch AppUITests.xctest */;
			productType = "com.apple.product-type.bundle.ui-testing";
		};
/* End PBXNativeTarget section */

/* Begin PBXProject section */
		DAE536B42C71368F00F6386F /* Project object */ = {
			isa = PBXProject;
			attributes = {
				BuildIndependentTargetsInParallel = 1;
				LastSwiftUpdateCheck = 1600;
				LastUpgradeCheck = 1600;
				TargetAttributes = {
					DAE536B92C71368F00F6386F = {
						CreatedOnToolsVersion = 16.0;
					};
					DAE536BF2C71368F00F6386F = {
						CreatedOnToolsVersion = 16.0;
					};
					DAE536D12C71369000F6386F = {
						CreatedOnToolsVersion = 16.0;
						TestTargetID = DAE536BF2C71368F00F6386F;
					};
					DAE536DB2C71369000F6386F = {
						CreatedOnToolsVersion = 16.0;
						TestTargetID = DAE536BF2C71368F00F6386F;
					};
				};
			};
			buildConfigurationList = DAE536B72C71368F00F6386F /* Build configuration list for PBXProject "sudoku" */;
			developmentRegion = en;
			hasScannedForEncodings = 0;
			knownRegions = (
				en,
				Base,
			);
			mainGroup = DAE536B32C71368F00F6386F;
			minimizedProjectReferenceProxies = 1;
			preferredProjectObjectVersion = 77;
			productRefGroup = DAE536BB2C71368F00F6386F /* Products */;
			projectDirPath = "";
			projectRoot = "";
			targets = (
				DAE536B92C71368F00F6386F /* sudoku */,
				DAE536BF2C71368F00F6386F /* sudoku Watch App */,
				DAE536D12C71369000F6386F /* sudoku Watch AppTests */,
				DAE536DB2C71369000F6386F /* sudoku Watch AppUITests */,
			);
		};
/* End PBXProject section */

/* Begin PBXResourcesBuildPhase section */
		DAE536B82C71368F00F6386F /* Resources */ = {
			isa = PBXResourcesBuildPhase;
			buildActionMask = 2147483647;
			files = (
			);
			runOnlyForDeploymentPostprocessing = 0;
		};
		DAE536BE2C71368F00F6386F /* Resources */ = {
			isa = PBXResourcesBuildPhase;
			buildActionMask = 2147483647;
			files = (
			);
			runOnlyForDeploymentPostprocessing = 0;
		};
		DAE536D02C71369000F6386F /* Resources */ = {
			isa = PBXResourcesBuildPhase;
			buildActionMask = 2147483647;
			files = (
			);
			runOnlyForDeploymentPostprocessing = 0;
		};
		DAE536DA2C71369000F6386F /* Resources */ = {
			isa = PBXResourcesBuildPhase;
			buildActionMask = 2147483647;
			files = (
			);
			runOnlyForDeploymentPostprocessing = 0;
		};
/* End PBXResourcesBuildPhase section */

/* Begin PBXSourcesBuildPhase section */
		DAE536BC2C71368F00F6386F /* Sources */ = {
			isa = PBXSourcesBuildPhase;
			buildActionMask = 2147483647;
			files = (
			);
			runOnlyForDeploymentPostprocessing = 0;
		};
		DAE536CE2C71369000F6386F /* Sources */ = {
			isa = PBXSourcesBuildPhase;
			buildActionMask = 2147483647;
			files = (
			);
			runOnlyForDeploymentPostprocessing = 0;
		};
		DAE536D82C71369000F6386F /* Sources */ = {
			isa = PBXSourcesBuildPhase;
			buildActionMask = 2147483647;
			files = (
			);
			runOnlyForDeploymentPostprocessing = 0;
		};
/* End PBXSourcesBuildPhase section */

/* Begin PBXTargetDependency section */
		DAE536C32C71368F00F6386F /* PBXTargetDependency */ = {
			isa = PBXTargetDependency;
			target = DAE536BF2C71368F00F6386F /* sudoku Watch App */;
			targetProxy = DAE536C22C71368F00F6386F /* PBXContainerItemProxy */;
		};
		DAE536D42C71369000F6386F /* PBXTargetDependency */ = {
			isa = PBXTargetDependency;
			target = DAE536BF2C71368F00F6386F /* sudoku Watch App */;
			targetProxy = DAE536D32C71369000F6386F /* PBXContainerItemProxy */;
		};
		DAE536DE2C71369000F6386F /* PBXTargetDependency */ = {
			isa = PBXTargetDependency;
			target = DAE536BF2C71368F00F6386F /* sudoku Watch App */;
			targetProxy = DAE536DD2C71369000F6386F /* PBXContainerItemProxy */;
		};
/* End PBXTargetDependency section */

/* Begin XCBuildConfiguration section */
		DAE536E42C71369000F6386F /* Debug */ = {
			isa = XCBuildConfiguration;
			buildSettings = {
				ALWAYS_SEARCH_USER_PATHS = NO;
				ASSETCATALOG_COMPILER_GENERATE_SWIFT_ASSET_SYMBOL_EXTENSIONS = YES;
				CLANG_ANALYZER_NONNULL = YES;
				CLANG_ANALYZER_NUMBER_OBJECT_CONVERSION = YES_AGGRESSIVE;
				CLANG_CXX_LANGUAGE_STANDARD = "gnu++20";
				CLANG_ENABLE_MODULES = YES;
				CLANG_ENABLE_OBJC_ARC = YES;
				CLANG_ENABLE_OBJC_WEAK = YES;
				CLANG_WARN_BLOCK_CAPTURE_AUTORELEASING = YES;
				CLANG_WARN_BOOL_CONVERSION = YES;
				CLANG_WARN_COMMA = YES;
				CLANG_WARN_CONSTANT_CONVERSION = YES;
				CLANG_WARN_DEPRECATED_OBJC_IMPLEMENTATIONS = YES;
				CLANG_WARN_DIRECT_OBJC_ISA_USAGE = YES_ERROR;
				CLANG_WARN_DOCUMENTATION_COMMENTS = YES;
				CLANG_WARN_EMPTY_BODY = YES;
				CLANG_WARN_ENUM_CONVERSION = YES;
				CLANG_WARN_INFINITE_RECURSION = YES;
				CLANG_WARN_INT_CONVERSION = YES;
				CLANG_WARN_NON_LITERAL_NULL_CONVERSION = YES;
				CLANG_WARN_OBJC_IMPLICIT_RETAIN_SELF = YES;
				CLANG_WARN_OBJC_LITERAL_CONVERSION = YES;
				CLANG_WARN_OBJC_ROOT_CLASS = YES_ERROR;
				CLANG_WARN_QUOTED_INCLUDE_IN_FRAMEWORK_HEADER = YES;
				CLANG_WARN_RANGE_LOOP_ANALYSIS = YES;
				CLANG_WARN_STRICT_PROTOTYPES = YES;
				CLANG_WARN_SUSPICIOUS_MOVE = YES;
				CLANG_WARN_UNGUARDED_AVAILABILITY = YES_AGGRESSIVE;
				CLANG_WARN_UNREACHABLE_CODE = YES;
				CLANG_WARN__DUPLICATE_METHOD_MATCH = YES;
				COPY_PHASE_STRIP = NO;
				DEBUG_INFORMATION_FORMAT = dwarf;
				ENABLE_STRICT_OBJC_MSGSEND = YES;
				ENABLE_TESTABILITY = YES;
				ENABLE_USER_SCRIPT_SANDBOXING = YES;
				GCC_C_LANGUAGE_STANDARD = gnu17;
				GCC_DYNAMIC_NO_PIC = NO;
				GCC_NO_COMMON_BLOCKS = YES;
				GCC_OPTIMIZATION_LEVEL = 0;
				GCC_PREPROCESSOR_DEFINITIONS = (
					"DEBUG=1",
					"$(inherited)",
				);
				GCC_WARN_64_TO_32_BIT_CONVERSION = YES;
				GCC_WARN_ABOUT_RETURN_TYPE = YES_ERROR;
				GCC_WARN_UNDECLARED_SELECTOR = YES;
				GCC_WARN_UNINITIALIZED_AUTOS = YES_AGGRESSIVE;
				GCC_WARN_UNUSED_FUNCTION = YES;
				GCC_WARN_UNUSED_VARIABLE = YES;
				LOCALIZATION_PREFERS_STRING_CATALOGS = YES;
				MTL_ENABLE_DEBUG_INFO = INCLUDE_SOURCE;
				MTL_FAST_MATH = YES;
				ONLY_ACTIVE_ARCH = YES;
				SWIFT_ACTIVE_COMPILATION_CONDITIONS = "DEBUG $(inherited)";
				SWIFT_OPTIMIZATION_LEVEL = "-Onone";
			};
			name = Debug;
		};
		DAE536E52C71369000F6386F /* Release */ = {
			isa = XCBuildConfiguration;
			buildSettings = {
				ALWAYS_SEARCH_USER_PATHS = NO;
				ASSETCATALOG_COMPILER_GENERATE_SWIFT_ASSET_SYMBOL_EXTENSIONS = YES;
				CLANG_ANALYZER_NONNULL = YES;
				CLANG_ANALYZER_NUMBER_OBJECT_CONVERSION = YES_AGGRESSIVE;
				CLANG_CXX_LANGUAGE_STANDARD = "gnu++20";
				CLANG_ENABLE_MODULES = YES;
				CLANG_ENABLE_OBJC_ARC = YES;
				CLANG_ENABLE_OBJC_WEAK = YES;
				CLANG_WARN_BLOCK_CAPTURE_AUTORELEASING = YES;
				CLANG_WARN_BOOL_CONVERSION = YES;
				CLANG_WARN_COMMA = YES;
				CLANG_WARN_CONSTANT_CONVERSION = YES;
				CLANG_WARN_DEPRECATED_OBJC_IMPLEMENTATIONS = YES;
				CLANG_WARN_DIRECT_OBJC_ISA_USAGE = YES_ERROR;
				CLANG_WARN_DOCUMENTATION_COMMENTS = YES;
				CLANG_WARN_EMPTY_BODY = YES;
				CLANG_WARN_ENUM_CONVERSION = YES;
				CLANG_WARN_INFINITE_RECURSION = YES;
				CLANG_WARN_INT_CONVERSION = YES;
				CLANG_WARN_NON_LITERAL_NULL_CONVERSION = YES;
				CLANG_WARN_OBJC_IMPLICIT_RETAIN_SELF = YES;
				CLANG_WARN_OBJC_LITERAL_CONVERSION = YES;
				CLANG_WARN_OBJC_ROOT_CLASS = YES_ERROR;
				CLANG_WARN_QUOTED_INCLUDE_IN_FRAMEWORK_HEADER = YES;
				CLANG_WARN_RANGE_LOOP_ANALYSIS = YES;
				CLANG_WARN_STRICT_PROTOTYPES = YES;
				CLANG_WARN_SUSPICIOUS_MOVE = YES;
				CLANG_WARN_UNGUARDED_AVAILABILITY = YES_AGGRESSIVE;
				CLANG_WARN_UNREACHABLE_CODE = YES;
				CLANG_WARN__DUPLICATE_METHOD_MATCH = YES;
				COPY_PHASE_STRIP = NO;
				DEBUG_INFORMATION_FORMAT = "dwarf-with-dsym";
				ENABLE_NS_ASSERTIONS = NO;
				ENABLE_STRICT_OBJC_MSGSEND = YES;
				ENABLE_USER_SCRIPT_SANDBOXING = YES;
				GCC_C_LANGUAGE_STANDARD = gnu17;
				GCC_NO_COMMON_BLOCKS = YES;
				GCC_WARN_64_TO_32_BIT_CONVERSION = YES;
				GCC_WARN_ABOUT_RETURN_TYPE = YES_ERROR;
				GCC_WARN_UNDECLARED_SELECTOR = YES;
				GCC_WARN_UNINITIALIZED_AUTOS = YES_AGGRESSIVE;
				GCC_WARN_UNUSED_FUNCTION = YES;
				GCC_WARN_UNUSED_VARIABLE = YES;
				LOCALIZATION_PREFERS_STRING_CATALOGS = YES;
				MTL_ENABLE_DEBUG_INFO = NO;
				MTL_FAST_MATH = YES;
				SWIFT_COMPILATION_MODE = wholemodule;
			};
			name = Release;
		};
		DAE536E72C71369000F6386F /* Debug */ = {
			isa = XCBuildConfiguration;
			buildSettings = {
				ASSETCATALOG_COMPILER_APPICON_NAME = AppIcon;
				ASSETCATALOG_COMPILER_GLOBAL_ACCENT_COLOR_NAME = AccentColor;
				CODE_SIGN_STYLE = Automatic;
				CURRENT_PROJECT_VERSION = 1;
				DEVELOPMENT_ASSET_PATHS = "\"sudoku Watch App/Preview Content\"";
				DEVELOPMENT_TEAM = 6L5RNAPGX5;
				ENABLE_PREVIEWS = YES;
				GENERATE_INFOPLIST_FILE = YES;
				INFOPLIST_KEY_CFBundleDisplayName = sudoku;
				INFOPLIST_KEY_UISupportedInterfaceOrientations = "UIInterfaceOrientationPortrait UIInterfaceOrientationPortraitUpsideDown";
				INFOPLIST_KEY_WKWatchOnly = YES;
				LD_RUNPATH_SEARCH_PATHS = (
					"$(inherited)",
					"@executable_path/Frameworks",
				);
				MARKETING_VERSION = 1.0;
				PRODUCT_BUNDLE_IDENTIFIER = com.kishanjadav.sudoku.watchkitapp;
				PRODUCT_NAME = "$(TARGET_NAME)";
				SDKROOT = watchos;
				SKIP_INSTALL = YES;
				SWIFT_EMIT_LOC_STRINGS = YES;
				SWIFT_VERSION = 5.0;
				TARGETED_DEVICE_FAMILY = 4;
				WATCHOS_DEPLOYMENT_TARGET = 11.0;
			};
			name = Debug;
		};
		DAE536E82C71369000F6386F /* Release */ = {
			isa = XCBuildConfiguration;
			buildSettings = {
				ASSETCATALOG_COMPILER_APPICON_NAME = AppIcon;
				ASSETCATALOG_COMPILER_GLOBAL_ACCENT_COLOR_NAME = AccentColor;
				CODE_SIGN_STYLE = Automatic;
				CURRENT_PROJECT_VERSION = 1;
				DEVELOPMENT_ASSET_PATHS = "\"sudoku Watch App/Preview Content\"";
				DEVELOPMENT_TEAM = 6L5RNAPGX5;
				ENABLE_PREVIEWS = YES;
				GENERATE_INFOPLIST_FILE = YES;
				INFOPLIST_KEY_CFBundleDisplayName = sudoku;
				INFOPLIST_KEY_UISupportedInterfaceOrientations = "UIInterfaceOrientationPortrait UIInterfaceOrientationPortraitUpsideDown";
				INFOPLIST_KEY_WKWatchOnly = YES;
				LD_RUNPATH_SEARCH_PATHS = (
					"$(inherited)",
					"@executable_path/Frameworks",
				);
				MARKETING_VERSION = 1.0;
				PRODUCT_BUNDLE_IDENTIFIER = com.kishanjadav.sudoku.watchkitapp;
				PRODUCT_NAME = "$(TARGET_NAME)";
				SDKROOT = watchos;
				SKIP_INSTALL = YES;
				SWIFT_EMIT_LOC_STRINGS = YES;
				SWIFT_VERSION = 5.0;
				TARGETED_DEVICE_FAMILY = 4;
				VALIDATE_PRODUCT = YES;
				WATCHOS_DEPLOYMENT_TARGET = 11.0;
			};
			name = Release;
		};
		DAE536EB2C71369000F6386F /* Debug */ = {
			isa = XCBuildConfiguration;
			buildSettings = {
				CODE_SIGN_STYLE = Automatic;
				CURRENT_PROJECT_VERSION = 1;
				DEVELOPMENT_TEAM = 6L5RNAPGX5;
				INFOPLIST_KEY_CFBundleDisplayName = sudoku;
				MARKETING_VERSION = 1.0;
				PRODUCT_BUNDLE_IDENTIFIER = com.kishanjadav.sudoku;
				PRODUCT_NAME = "$(TARGET_NAME)";
				SDKROOT = iphoneos;
				SWIFT_VERSION = 5.0;
			};
			name = Debug;
		};
		DAE536EC2C71369000F6386F /* Release */ = {
			isa = XCBuildConfiguration;
			buildSettings = {
				CODE_SIGN_STYLE = Automatic;
				CURRENT_PROJECT_VERSION = 1;
				DEVELOPMENT_TEAM = 6L5RNAPGX5;
				INFOPLIST_KEY_CFBundleDisplayName = sudoku;
				MARKETING_VERSION = 1.0;
				PRODUCT_BUNDLE_IDENTIFIER = com.kishanjadav.sudoku;
				PRODUCT_NAME = "$(TARGET_NAME)";
				SDKROOT = iphoneos;
				SWIFT_VERSION = 5.0;
				VALIDATE_PRODUCT = YES;
			};
			name = Release;
		};
		DAE536EE2C71369000F6386F /* Debug */ = {
			isa = XCBuildConfiguration;
			buildSettings = {
				BUNDLE_LOADER = "$(TEST_HOST)";
				CODE_SIGN_STYLE = Automatic;
				CURRENT_PROJECT_VERSION = 1;
				DEVELOPMENT_TEAM = 6L5RNAPGX5;
				GENERATE_INFOPLIST_FILE = YES;
				MARKETING_VERSION = 1.0;
				PRODUCT_BUNDLE_IDENTIFIER = "com.kishanjadav.sudoku-Watch-AppTests";
				PRODUCT_NAME = "$(TARGET_NAME)";
				SDKROOT = watchos;
				SWIFT_EMIT_LOC_STRINGS = NO;
				SWIFT_VERSION = 5.0;
				TARGETED_DEVICE_FAMILY = 4;
				TEST_HOST = "$(BUILT_PRODUCTS_DIR)/sudoku Watch App.app/$(BUNDLE_EXECUTABLE_FOLDER_PATH)/sudoku Watch App";
				WATCHOS_DEPLOYMENT_TARGET = 11.0;
			};
			name = Debug;
		};
		DAE536EF2C71369000F6386F /* Release */ = {
			isa = XCBuildConfiguration;
			buildSettings = {
				BUNDLE_LOADER = "$(TEST_HOST)";
				CODE_SIGN_STYLE = Automatic;
				CURRENT_PROJECT_VERSION = 1;
				DEVELOPMENT_TEAM = 6L5RNAPGX5;
				GENERATE_INFOPLIST_FILE = YES;
				MARKETING_VERSION = 1.0;
				PRODUCT_BUNDLE_IDENTIFIER = "com.kishanjadav.sudoku-Watch-AppTests";
				PRODUCT_NAME = "$(TARGET_NAME)";
				SDKROOT = watchos;
				SWIFT_EMIT_LOC_STRINGS = NO;
				SWIFT_VERSION = 5.0;
				TARGETED_DEVICE_FAMILY = 4;
				TEST_HOST = "$(BUILT_PRODUCTS_DIR)/sudoku Watch App.app/$(BUNDLE_EXECUTABLE_FOLDER_PATH)/sudoku Watch App";
				VALIDATE_PRODUCT = YES;
				WATCHOS_DEPLOYMENT_TARGET = 11.0;
			};
			name = Release;
		};
		DAE536F12C71369000F6386F /* Debug */ = {
			isa = XCBuildConfiguration;
			buildSettings = {
				CODE_SIGN_STYLE = Automatic;
				CURRENT_PROJECT_VERSION = 1;
				DEVELOPMENT_TEAM = 6L5RNAPGX5;
				GENERATE_INFOPLIST_FILE = YES;
				MARKETING_VERSION = 1.0;
				PRODUCT_BUNDLE_IDENTIFIER = "com.kishanjadav.sudoku-Watch-AppUITests";
				PRODUCT_NAME = "$(TARGET_NAME)";
				SDKROOT = watchos;
				SWIFT_EMIT_LOC_STRINGS = NO;
				SWIFT_VERSION = 5.0;
				TARGETED_DEVICE_FAMILY = 4;
				TEST_TARGET_NAME = "sudoku Watch App";
				WATCHOS_DEPLOYMENT_TARGET = 11.0;
			};
			name = Debug;
		};
		DAE536F22C71369000F6386F /* Release */ = {
			isa = XCBuildConfiguration;
			buildSettings = {
				CODE_SIGN_STYLE = Automatic;
				CURRENT_PROJECT_VERSION = 1;
				DEVELOPMENT_TEAM = 6L5RNAPGX5;
				GENERATE_INFOPLIST_FILE = YES;
				MARKETING_VERSION = 1.0;
				PRODUCT_BUNDLE_IDENTIFIER = "com.kishanjadav.sudoku-Watch-AppUITests";
				PRODUCT_NAME = "$(TARGET_NAME)";
				SDKROOT = watchos;
				SWIFT_EMIT_LOC_STRINGS = NO;
				SWIFT_VERSION = 5.0;
				TARGETED_DEVICE_FAMILY = 4;
				TEST_TARGET_NAME = "sudoku Watch App";
				VALIDATE_PRODUCT = YES;
				WATCHOS_DEPLOYMENT_TARGET = 11.0;
			};
			name = Release;
		};
/* End XCBuildConfiguration section */

/* Begin XCConfigurationList section */
		DAE536B72C71368F00F6386F /* Build configuration list for PBXProject "sudoku" */ = {
			isa = XCConfigurationList;
			buildConfigurations = (
				DAE536E42C71369000F6386F /* Debug */,
				DAE536E52C71369000F6386F /* Release */,
			);
			defaultConfigurationIsVisible = 0;
			defaultConfigurationName = Release;
		};
		DAE536E62C71369000F6386F /* Build configuration list for PBXNativeTarget "sudoku Watch App" */ = {
			isa = XCConfigurationList;
			buildConfigurations = (
				DAE536E72C71369000F6386F /* Debug */,
				DAE536E82C71369000F6386F /* Release */,
			);
			defaultConfigurationIsVisible = 0;
			defaultConfigurationName = Release;
		};
		DAE536EA2C71369000F6386F /* Build configuration list for PBXNativeTarget "sudoku" */ = {
			isa = XCConfigurationList;
			buildConfigurations = (
				DAE536EB2C71369000F6386F /* Debug */,
				DAE536EC2C71369000F6386F /* Release */,
			);
			defaultConfigurationIsVisible = 0;
			defaultConfigurationName = Release;
		};
		DAE536ED2C71369000F6386F /* Build configuration list for PBXNativeTarget "sudoku Watch AppTests" */ = {
			isa = XCConfigurationList;
			buildConfigurations = (
				DAE536EE2C71369000F6386F /* Debug */,
				DAE536EF2C71369000F6386F /* Release */,
			);
			defaultConfigurationIsVisible = 0;
			defaultConfigurationName = Release;
		};
		DAE536F02C71369000F6386F /* Build configuration list for PBXNativeTarget "sudoku Watch AppUITests" */ = {
			isa = XCConfigurationList;
			buildConfigurations = (
				DAE536F12C71369000F6386F /* Debug */,
				DAE536F22C71369000F6386F /* Release */,
			);
			defaultConfigurationIsVisible = 0;
			defaultConfigurationName = Release;
		};
/* End XCConfigurationList section */
	};
	rootObject = DAE536B42C71368F00F6386F /* Project object */;
}
